
Microsoft Visual Studio Solution File, Format Version 12.00
# Visual Studio Version 17
VisualStudioVersion = 17.11.35431.28
MinimumVisualStudioVersion = 10.0.40219.1
Project("{FAE04EC0-301F-11D3-BF4B-00C04F79EFBC}") = "TicketService", "TicketService\TicketService.csproj", "{3F98069C-FC3F-4C99-9F4D-4BD3B8054F23}"
EndProject
Project("{FAE04EC0-301F-11D3-BF4B-00C04F79EFBC}") = "TicketDomain", "TicketDomain\TicketDomain.csproj", "{967CDCC8-6DD9-4677-B17D-BC3B56591949}"
EndProject
Project("{FAE04EC0-301F-11D3-BF4B-00C04F79EFBC}") = "TicketRepository", "TicketRepository\TicketRepository.csproj", "{642AB180-A929-46C8-A9F7-2F917B422929}"
EndProject
Project("{FAE04EC0-301F-11D3-BF4B-00C04F79EFBC}") = "TicketServicesLayer", "TicketServicesLayer\TicketServicesLayer.csproj", "{71801F9B-8D7A-4B0C-95A6-F5E9F2C9E9B2}"
EndProject
Global
	GlobalSection(SolutionConfigurationPlatforms) = preSolution
		Debug|Any CPU = Debug|Any CPU
		Release|Any CPU = Release|Any CPU
	EndGlobalSection
	GlobalSection(ProjectConfigurationPlatforms) = postSolution
		{3F98069C-FC3F-4C99-9F4D-4BD3B8054F23}.Debug|Any CPU.ActiveCfg = Debug|Any CPU
		{3F98069C-FC3F-4C99-9F4D-4BD3B8054F23}.Debug|Any CPU.Build.0 = Debug|Any CPU
		{3F98069C-FC3F-4C99-9F4D-4BD3B8054F23}.Release|Any CPU.ActiveCfg = Release|Any CPU
		{3F98069C-FC3F-4C99-9F4D-4BD3B8054F23}.Release|Any CPU.Build.0 = Release|Any CPU
		{967CDCC8-6DD9-4677-B17D-BC3B56591949}.Debug|Any CPU.ActiveCfg = Debug|Any CPU
		{967CDCC8-6DD9-4677-B17D-BC3B56591949}.Debug|Any CPU.Build.0 = Debug|Any CPU
		{967CDCC8-6DD9-4677-B17D-BC3B56591949}.Release|Any CPU.ActiveCfg = Release|Any CPU
		{967CDCC8-6DD9-4677-B17D-BC3B56591949}.Release|Any CPU.Build.0 = Release|Any CPU
		{642AB180-A929-46C8-A9F7-2F917B422929}.Debug|Any CPU.ActiveCfg = Debug|Any CPU
		{642AB180-A929-46C8-A9F7-2F917B422929}.Debug|Any CPU.Build.0 = Debug|Any CPU
		{642AB180-A929-46C8-A9F7-2F917B422929}.Release|Any CPU.ActiveCfg = Release|Any CPU
		{642AB180-A929-46C8-A9F7-2F917B422929}.Release|Any CPU.Build.0 = Release|Any CPU
		{71801F9B-8D7A-4B0C-95A6-F5E9F2C9E9B2}.Debug|Any CPU.ActiveCfg = Debug|Any CPU
		{71801F9B-8D7A-4B0C-95A6-F5E9F2C9E9B2}.Debug|Any CPU.Build.0 = Debug|Any CPU
		{71801F9B-8D7A-4B0C-95A6-F5E9F2C9E9B2}.Release|Any CPU.ActiveCfg = Release|Any CPU
		{71801F9B-8D7A-4B0C-95A6-F5E9F2C9E9B2}.Release|Any CPU.Build.0 = Release|Any CPU
	EndGlobalSection
	GlobalSection(SolutionProperties) = preSolution
		HideSolutionNode = FALSE
	EndGlobalSection
	GlobalSection(ExtensibilityGlobals) = postSolution
		SolutionGuid = {5E6EFFF2-AB77-4198-938B-0D22A6D22DFE}
	EndGlobalSection
EndGlobal
